
Microsoft Visual Studio Solution File, Format Version 12.00
# Visual Studio 15
VisualStudioVersion = 15.0.26430.15
MinimumVisualStudioVersion = 10.0.40219.1
Project("{9A19103F-16F7-4668-BE54-9A1E7A4F7556}") = "PipeBandGames.DataLayer", "PipeBandGames.DataLayer\PipeBandGames.DataLayer.csproj", "{AC975D2D-136A-47FD-B7FA-899F03BB5415}"
EndProject
Project("{9A19103F-16F7-4668-BE54-9A1E7A4F7556}") = "PipeBandGames.BusinessLayer", "PipeBandGames.BusinessLayer\PipeBandGames.BusinessLayer.csproj", "{09E47783-D2C2-49B6-904A-95E015E3DB82}"
EndProject
Project("{9A19103F-16F7-4668-BE54-9A1E7A4F7556}") = "PipeBandGames.ConsoleUI", "PipeBandGames.ConsoleUI\PipeBandGames.ConsoleUI.csproj", "{A6834316-CDD1-4B09-814C-26C4CBEEEF54}"
EndProject
Project("{9A19103F-16F7-4668-BE54-9A1E7A4F7556}") = "PipeBandGames.Test", "PipeBandGames.Test\PipeBandGames.Test.csproj", "{EF563A2B-C4BA-4DD9-B61D-98140A4A3743}"
EndProject
Project("{2150E333-8FDC-42A3-9474-1A3956D46DE8}") = "Solution Items", "Solution Items", "{7467055A-8E6B-4987-9A88-DCF3ACBEF4F1}"
	ProjectSection(SolutionItems) = preProject
		LICENSE.txt = LICENSE.txt
		notes.txt = notes.txt
		README.md = README.md
	EndProjectSection
EndProject
Project("{D954291E-2A0B-460D-934E-DC6B0785DB48}") = "PipeBandGames.GUI", "PipeBandGames.GUI\PipeBandGames.GUI\PipeBandGames.GUI.shproj", "{B41538E5-070F-4D02-9B0A-2FBBAB2CD5D1}"
EndProject
Project("{FAE04EC0-301F-11D3-BF4B-00C04F79EFBC}") = "PipeBandGames.GUI.Android", "PipeBandGames.GUI\PipeBandGames.GUI.Android\PipeBandGames.GUI.Android.csproj", "{27F88D7E-8754-48CF-9B20-094FC9F8811C}"
EndProject
Project("{FAE04EC0-301F-11D3-BF4B-00C04F79EFBC}") = "PipeBandGames.GUI.iOS", "PipeBandGames.GUI\PipeBandGames.GUI.iOS\PipeBandGames.GUI.iOS.csproj", "{E7C4DD0F-3146-4318-BF79-E488F46C5DFD}"
EndProject
Project("{FAE04EC0-301F-11D3-BF4B-00C04F79EFBC}") = "PipeBandGames.GUI.UWP", "PipeBandGames.GUI\PipeBandGames.GUI.UWP\PipeBandGames.GUI.UWP.csproj", "{DF7E0C28-F4BF-4B06-92A4-731C1195B6A6}"
EndProject
Global
	GlobalSection(SharedMSBuildProjectFiles) = preSolution
		PipeBandGames.GUI\PipeBandGames.GUI\PipeBandGames.GUI.projitems*{27f88d7e-8754-48cf-9b20-094fc9f8811c}*SharedItemsImports = 4
		PipeBandGames.GUI\PipeBandGames.GUI\PipeBandGames.GUI.projitems*{b41538e5-070f-4d02-9b0a-2fbbab2cd5d1}*SharedItemsImports = 13
		PipeBandGames.GUI\PipeBandGames.GUI\PipeBandGames.GUI.projitems*{df7e0c28-f4bf-4b06-92a4-731c1195b6a6}*SharedItemsImports = 4
		PipeBandGames.GUI\PipeBandGames.GUI\PipeBandGames.GUI.projitems*{e7c4dd0f-3146-4318-bf79-e488f46c5dfd}*SharedItemsImports = 4
	EndGlobalSection
	GlobalSection(SolutionConfigurationPlatforms) = preSolution
		Debug|Any CPU = Debug|Any CPU
		Debug|ARM = Debug|ARM
		Debug|iPhone = Debug|iPhone
		Debug|iPhoneSimulator = Debug|iPhoneSimulator
		Debug|x64 = Debug|x64
		Debug|x86 = Debug|x86
		Release|Any CPU = Release|Any CPU
		Release|ARM = Release|ARM
		Release|iPhone = Release|iPhone
		Release|iPhoneSimulator = Release|iPhoneSimulator
		Release|x64 = Release|x64
		Release|x86 = Release|x86
	EndGlobalSection
	GlobalSection(ProjectConfigurationPlatforms) = postSolution
		{AC975D2D-136A-47FD-B7FA-899F03BB5415}.Debug|Any CPU.ActiveCfg = Debug|Any CPU
		{AC975D2D-136A-47FD-B7FA-899F03BB5415}.Debug|Any CPU.Build.0 = Debug|Any CPU
		{AC975D2D-136A-47FD-B7FA-899F03BB5415}.Debug|ARM.ActiveCfg = Debug|Any CPU
		{AC975D2D-136A-47FD-B7FA-899F03BB5415}.Debug|ARM.Build.0 = Debug|Any CPU
		{AC975D2D-136A-47FD-B7FA-899F03BB5415}.Debug|iPhone.ActiveCfg = Debug|Any CPU
		{AC975D2D-136A-47FD-B7FA-899F03BB5415}.Debug|iPhone.Build.0 = Debug|Any CPU
		{AC975D2D-136A-47FD-B7FA-899F03BB5415}.Debug|iPhoneSimulator.ActiveCfg = Debug|Any CPU
		{AC975D2D-136A-47FD-B7FA-899F03BB5415}.Debug|iPhoneSimulator.Build.0 = Debug|Any CPU
		{AC975D2D-136A-47FD-B7FA-899F03BB5415}.Debug|x64.ActiveCfg = Debug|Any CPU
		{AC975D2D-136A-47FD-B7FA-899F03BB5415}.Debug|x64.Build.0 = Debug|Any CPU
		{AC975D2D-136A-47FD-B7FA-899F03BB5415}.Debug|x86.ActiveCfg = Debug|Any CPU
		{AC975D2D-136A-47FD-B7FA-899F03BB5415}.Debug|x86.Build.0 = Debug|Any CPU
		{AC975D2D-136A-47FD-B7FA-899F03BB5415}.Release|Any CPU.ActiveCfg = Release|Any CPU
		{AC975D2D-136A-47FD-B7FA-899F03BB5415}.Release|Any CPU.Build.0 = Release|Any CPU
		{AC975D2D-136A-47FD-B7FA-899F03BB5415}.Release|ARM.ActiveCfg = Release|Any CPU
		{AC975D2D-136A-47FD-B7FA-899F03BB5415}.Release|ARM.Build.0 = Release|Any CPU
		{AC975D2D-136A-47FD-B7FA-899F03BB5415}.Release|iPhone.ActiveCfg = Release|Any CPU
		{AC975D2D-136A-47FD-B7FA-899F03BB5415}.Release|iPhone.Build.0 = Release|Any CPU
		{AC975D2D-136A-47FD-B7FA-899F03BB5415}.Release|iPhoneSimulator.ActiveCfg = Release|Any CPU
		{AC975D2D-136A-47FD-B7FA-899F03BB5415}.Release|iPhoneSimulator.Build.0 = Release|Any CPU
		{AC975D2D-136A-47FD-B7FA-899F03BB5415}.Release|x64.ActiveCfg = Release|Any CPU
		{AC975D2D-136A-47FD-B7FA-899F03BB5415}.Release|x64.Build.0 = Release|Any CPU
		{AC975D2D-136A-47FD-B7FA-899F03BB5415}.Release|x86.ActiveCfg = Release|Any CPU
		{AC975D2D-136A-47FD-B7FA-899F03BB5415}.Release|x86.Build.0 = Release|Any CPU
		{09E47783-D2C2-49B6-904A-95E015E3DB82}.Debug|Any CPU.ActiveCfg = Debug|Any CPU
		{09E47783-D2C2-49B6-904A-95E015E3DB82}.Debug|Any CPU.Build.0 = Debug|Any CPU
		{09E47783-D2C2-49B6-904A-95E015E3DB82}.Debug|ARM.ActiveCfg = Debug|Any CPU
		{09E47783-D2C2-49B6-904A-95E015E3DB82}.Debug|ARM.Build.0 = Debug|Any CPU
		{09E47783-D2C2-49B6-904A-95E015E3DB82}.Debug|iPhone.ActiveCfg = Debug|Any CPU
		{09E47783-D2C2-49B6-904A-95E015E3DB82}.Debug|iPhone.Build.0 = Debug|Any CPU
		{09E47783-D2C2-49B6-904A-95E015E3DB82}.Debug|iPhoneSimulator.ActiveCfg = Debug|Any CPU
		{09E47783-D2C2-49B6-904A-95E015E3DB82}.Debug|iPhoneSimulator.Build.0 = Debug|Any CPU
		{09E47783-D2C2-49B6-904A-95E015E3DB82}.Debug|x64.ActiveCfg = Debug|Any CPU
		{09E47783-D2C2-49B6-904A-95E015E3DB82}.Debug|x64.Build.0 = Debug|Any CPU
		{09E47783-D2C2-49B6-904A-95E015E3DB82}.Debug|x86.ActiveCfg = Debug|Any CPU
		{09E47783-D2C2-49B6-904A-95E015E3DB82}.Debug|x86.Build.0 = Debug|Any CPU
		{09E47783-D2C2-49B6-904A-95E015E3DB82}.Release|Any CPU.ActiveCfg = Release|Any CPU
		{09E47783-D2C2-49B6-904A-95E015E3DB82}.Release|Any CPU.Build.0 = Release|Any CPU
		{09E47783-D2C2-49B6-904A-95E015E3DB82}.Release|ARM.ActiveCfg = Release|Any CPU
		{09E47783-D2C2-49B6-904A-95E015E3DB82}.Release|ARM.Build.0 = Release|Any CPU
		{09E47783-D2C2-49B6-904A-95E015E3DB82}.Release|iPhone.ActiveCfg = Release|Any CPU
		{09E47783-D2C2-49B6-904A-95E015E3DB82}.Release|iPhone.Build.0 = Release|Any CPU
		{09E47783-D2C2-49B6-904A-95E015E3DB82}.Release|iPhoneSimulator.ActiveCfg = Release|Any CPU
		{09E47783-D2C2-49B6-904A-95E015E3DB82}.Release|iPhoneSimulator.Build.0 = Release|Any CPU
		{09E47783-D2C2-49B6-904A-95E015E3DB82}.Release|x64.ActiveCfg = Release|Any CPU
		{09E47783-D2C2-49B6-904A-95E015E3DB82}.Release|x64.Build.0 = Release|Any CPU
		{09E47783-D2C2-49B6-904A-95E015E3DB82}.Release|x86.ActiveCfg = Release|Any CPU
		{09E47783-D2C2-49B6-904A-95E015E3DB82}.Release|x86.Build.0 = Release|Any CPU
		{A6834316-CDD1-4B09-814C-26C4CBEEEF54}.Debug|Any CPU.ActiveCfg = Debug|Any CPU
		{A6834316-CDD1-4B09-814C-26C4CBEEEF54}.Debug|Any CPU.Build.0 = Debug|Any CPU
		{A6834316-CDD1-4B09-814C-26C4CBEEEF54}.Debug|ARM.ActiveCfg = Debug|Any CPU
		{A6834316-CDD1-4B09-814C-26C4CBEEEF54}.Debug|ARM.Build.0 = Debug|Any CPU
		{A6834316-CDD1-4B09-814C-26C4CBEEEF54}.Debug|iPhone.ActiveCfg = Debug|Any CPU
		{A6834316-CDD1-4B09-814C-26C4CBEEEF54}.Debug|iPhone.Build.0 = Debug|Any CPU
		{A6834316-CDD1-4B09-814C-26C4CBEEEF54}.Debug|iPhoneSimulator.ActiveCfg = Debug|Any CPU
		{A6834316-CDD1-4B09-814C-26C4CBEEEF54}.Debug|iPhoneSimulator.Build.0 = Debug|Any CPU
		{A6834316-CDD1-4B09-814C-26C4CBEEEF54}.Debug|x64.ActiveCfg = Debug|Any CPU
		{A6834316-CDD1-4B09-814C-26C4CBEEEF54}.Debug|x64.Build.0 = Debug|Any CPU
		{A6834316-CDD1-4B09-814C-26C4CBEEEF54}.Debug|x86.ActiveCfg = Debug|Any CPU
		{A6834316-CDD1-4B09-814C-26C4CBEEEF54}.Debug|x86.Build.0 = Debug|Any CPU
		{A6834316-CDD1-4B09-814C-26C4CBEEEF54}.Release|Any CPU.ActiveCfg = Release|Any CPU
		{A6834316-CDD1-4B09-814C-26C4CBEEEF54}.Release|Any CPU.Build.0 = Release|Any CPU
		{A6834316-CDD1-4B09-814C-26C4CBEEEF54}.Release|ARM.ActiveCfg = Release|Any CPU
		{A6834316-CDD1-4B09-814C-26C4CBEEEF54}.Release|ARM.Build.0 = Release|Any CPU
		{A6834316-CDD1-4B09-814C-26C4CBEEEF54}.Release|iPhone.ActiveCfg = Release|Any CPU
		{A6834316-CDD1-4B09-814C-26C4CBEEEF54}.Release|iPhone.Build.0 = Release|Any CPU
		{A6834316-CDD1-4B09-814C-26C4CBEEEF54}.Release|iPhoneSimulator.ActiveCfg = Release|Any CPU
		{A6834316-CDD1-4B09-814C-26C4CBEEEF54}.Release|iPhoneSimulator.Build.0 = Release|Any CPU
		{A6834316-CDD1-4B09-814C-26C4CBEEEF54}.Release|x64.ActiveCfg = Release|Any CPU
		{A6834316-CDD1-4B09-814C-26C4CBEEEF54}.Release|x64.Build.0 = Release|Any CPU
		{A6834316-CDD1-4B09-814C-26C4CBEEEF54}.Release|x86.ActiveCfg = Release|Any CPU
		{A6834316-CDD1-4B09-814C-26C4CBEEEF54}.Release|x86.Build.0 = Release|Any CPU
		{EF563A2B-C4BA-4DD9-B61D-98140A4A3743}.Debug|Any CPU.ActiveCfg = Debug|Any CPU
		{EF563A2B-C4BA-4DD9-B61D-98140A4A3743}.Debug|Any CPU.Build.0 = Debug|Any CPU
		{EF563A2B-C4BA-4DD9-B61D-98140A4A3743}.Debug|ARM.ActiveCfg = Debug|Any CPU
		{EF563A2B-C4BA-4DD9-B61D-98140A4A3743}.Debug|ARM.Build.0 = Debug|Any CPU
		{EF563A2B-C4BA-4DD9-B61D-98140A4A3743}.Debug|iPhone.ActiveCfg = Debug|Any CPU
		{EF563A2B-C4BA-4DD9-B61D-98140A4A3743}.Debug|iPhone.Build.0 = Debug|Any CPU
		{EF563A2B-C4BA-4DD9-B61D-98140A4A3743}.Debug|iPhoneSimulator.ActiveCfg = Debug|Any CPU
		{EF563A2B-C4BA-4DD9-B61D-98140A4A3743}.Debug|iPhoneSimulator.Build.0 = Debug|Any CPU
		{EF563A2B-C4BA-4DD9-B61D-98140A4A3743}.Debug|x64.ActiveCfg = Debug|Any CPU
		{EF563A2B-C4BA-4DD9-B61D-98140A4A3743}.Debug|x64.Build.0 = Debug|Any CPU
		{EF563A2B-C4BA-4DD9-B61D-98140A4A3743}.Debug|x86.ActiveCfg = Debug|Any CPU
		{EF563A2B-C4BA-4DD9-B61D-98140A4A3743}.Debug|x86.Build.0 = Debug|Any CPU
		{EF563A2B-C4BA-4DD9-B61D-98140A4A3743}.Release|Any CPU.ActiveCfg = Release|Any CPU
		{EF563A2B-C4BA-4DD9-B61D-98140A4A3743}.Release|Any CPU.Build.0 = Release|Any CPU
		{EF563A2B-C4BA-4DD9-B61D-98140A4A3743}.Release|ARM.ActiveCfg = Release|Any CPU
		{EF563A2B-C4BA-4DD9-B61D-98140A4A3743}.Release|ARM.Build.0 = Release|Any CPU
		{EF563A2B-C4BA-4DD9-B61D-98140A4A3743}.Release|iPhone.ActiveCfg = Release|Any CPU
		{EF563A2B-C4BA-4DD9-B61D-98140A4A3743}.Release|iPhone.Build.0 = Release|Any CPU
		{EF563A2B-C4BA-4DD9-B61D-98140A4A3743}.Release|iPhoneSimulator.ActiveCfg = Release|Any CPU
		{EF563A2B-C4BA-4DD9-B61D-98140A4A3743}.Release|iPhoneSimulator.Build.0 = Release|Any CPU
		{EF563A2B-C4BA-4DD9-B61D-98140A4A3743}.Release|x64.ActiveCfg = Release|Any CPU
		{EF563A2B-C4BA-4DD9-B61D-98140A4A3743}.Release|x64.Build.0 = Release|Any CPU
		{EF563A2B-C4BA-4DD9-B61D-98140A4A3743}.Release|x86.ActiveCfg = Release|Any CPU
		{EF563A2B-C4BA-4DD9-B61D-98140A4A3743}.Release|x86.Build.0 = Release|Any CPU
		{27F88D7E-8754-48CF-9B20-094FC9F8811C}.Debug|Any CPU.ActiveCfg = Debug|Any CPU
		{27F88D7E-8754-48CF-9B20-094FC9F8811C}.Debug|Any CPU.Build.0 = Debug|Any CPU
		{27F88D7E-8754-48CF-9B20-094FC9F8811C}.Debug|Any CPU.Deploy.0 = Debug|Any CPU
		{27F88D7E-8754-48CF-9B20-094FC9F8811C}.Debug|ARM.ActiveCfg = Debug|Any CPU
		{27F88D7E-8754-48CF-9B20-094FC9F8811C}.Debug|ARM.Build.0 = Debug|Any CPU
		{27F88D7E-8754-48CF-9B20-094FC9F8811C}.Debug|ARM.Deploy.0 = Debug|Any CPU
		{27F88D7E-8754-48CF-9B20-094FC9F8811C}.Debug|iPhone.ActiveCfg = Debug|Any CPU
		{27F88D7E-8754-48CF-9B20-094FC9F8811C}.Debug|iPhone.Build.0 = Debug|Any CPU
		{27F88D7E-8754-48CF-9B20-094FC9F8811C}.Debug|iPhone.Deploy.0 = Debug|Any CPU
		{27F88D7E-8754-48CF-9B20-094FC9F8811C}.Debug|iPhoneSimulator.ActiveCfg = Debug|Any CPU
		{27F88D7E-8754-48CF-9B20-094FC9F8811C}.Debug|iPhoneSimulator.Build.0 = Debug|Any CPU
		{27F88D7E-8754-48CF-9B20-094FC9F8811C}.Debug|iPhoneSimulator.Deploy.0 = Debug|Any CPU
		{27F88D7E-8754-48CF-9B20-094FC9F8811C}.Debug|x64.ActiveCfg = Debug|Any CPU
		{27F88D7E-8754-48CF-9B20-094FC9F8811C}.Debug|x64.Build.0 = Debug|Any CPU
		{27F88D7E-8754-48CF-9B20-094FC9F8811C}.Debug|x64.Deploy.0 = Debug|Any CPU
		{27F88D7E-8754-48CF-9B20-094FC9F8811C}.Debug|x86.ActiveCfg = Debug|Any CPU
		{27F88D7E-8754-48CF-9B20-094FC9F8811C}.Debug|x86.Build.0 = Debug|Any CPU
		{27F88D7E-8754-48CF-9B20-094FC9F8811C}.Debug|x86.Deploy.0 = Debug|Any CPU
		{27F88D7E-8754-48CF-9B20-094FC9F8811C}.Release|Any CPU.ActiveCfg = Release|Any CPU
		{27F88D7E-8754-48CF-9B20-094FC9F8811C}.Release|Any CPU.Build.0 = Release|Any CPU
		{27F88D7E-8754-48CF-9B20-094FC9F8811C}.Release|Any CPU.Deploy.0 = Release|Any CPU
		{27F88D7E-8754-48CF-9B20-094FC9F8811C}.Release|ARM.ActiveCfg = Release|Any CPU
		{27F88D7E-8754-48CF-9B20-094FC9F8811C}.Release|ARM.Build.0 = Release|Any CPU
		{27F88D7E-8754-48CF-9B20-094FC9F8811C}.Release|ARM.Deploy.0 = Release|Any CPU
		{27F88D7E-8754-48CF-9B20-094FC9F8811C}.Release|iPhone.ActiveCfg = Release|Any CPU
		{27F88D7E-8754-48CF-9B20-094FC9F8811C}.Release|iPhone.Build.0 = Release|Any CPU
		{27F88D7E-8754-48CF-9B20-094FC9F8811C}.Release|iPhone.Deploy.0 = Release|Any CPU
		{27F88D7E-8754-48CF-9B20-094FC9F8811C}.Release|iPhoneSimulator.ActiveCfg = Release|Any CPU
		{27F88D7E-8754-48CF-9B20-094FC9F8811C}.Release|iPhoneSimulator.Build.0 = Release|Any CPU
		{27F88D7E-8754-48CF-9B20-094FC9F8811C}.Release|iPhoneSimulator.Deploy.0 = Release|Any CPU
		{27F88D7E-8754-48CF-9B20-094FC9F8811C}.Release|x64.ActiveCfg = Release|Any CPU
		{27F88D7E-8754-48CF-9B20-094FC9F8811C}.Release|x64.Build.0 = Release|Any CPU
		{27F88D7E-8754-48CF-9B20-094FC9F8811C}.Release|x64.Deploy.0 = Release|Any CPU
		{27F88D7E-8754-48CF-9B20-094FC9F8811C}.Release|x86.ActiveCfg = Release|Any CPU
		{27F88D7E-8754-48CF-9B20-094FC9F8811C}.Release|x86.Build.0 = Release|Any CPU
		{27F88D7E-8754-48CF-9B20-094FC9F8811C}.Release|x86.Deploy.0 = Release|Any CPU
		{E7C4DD0F-3146-4318-BF79-E488F46C5DFD}.Debug|Any CPU.ActiveCfg = Debug|iPhone
		{E7C4DD0F-3146-4318-BF79-E488F46C5DFD}.Debug|ARM.ActiveCfg = Debug|iPhone
		{E7C4DD0F-3146-4318-BF79-E488F46C5DFD}.Debug|iPhone.ActiveCfg = Debug|iPhone
		{E7C4DD0F-3146-4318-BF79-E488F46C5DFD}.Debug|iPhone.Build.0 = Debug|iPhone
		{E7C4DD0F-3146-4318-BF79-E488F46C5DFD}.Debug|iPhoneSimulator.ActiveCfg = Debug|iPhoneSimulator
		{E7C4DD0F-3146-4318-BF79-E488F46C5DFD}.Debug|iPhoneSimulator.Build.0 = Debug|iPhoneSimulator
		{E7C4DD0F-3146-4318-BF79-E488F46C5DFD}.Debug|x64.ActiveCfg = Debug|iPhone
		{E7C4DD0F-3146-4318-BF79-E488F46C5DFD}.Debug|x86.ActiveCfg = Debug|iPhone
		{E7C4DD0F-3146-4318-BF79-E488F46C5DFD}.Release|Any CPU.ActiveCfg = Release|iPhone
		{E7C4DD0F-3146-4318-BF79-E488F46C5DFD}.Release|ARM.ActiveCfg = Release|iPhone
		{E7C4DD0F-3146-4318-BF79-E488F46C5DFD}.Release|iPhone.ActiveCfg = Release|iPhone
		{E7C4DD0F-3146-4318-BF79-E488F46C5DFD}.Release|iPhone.Build.0 = Release|iPhone
		{E7C4DD0F-3146-4318-BF79-E488F46C5DFD}.Release|iPhoneSimulator.ActiveCfg = Release|iPhoneSimulator
		{E7C4DD0F-3146-4318-BF79-E488F46C5DFD}.Release|iPhoneSimulator.Build.0 = Release|iPhoneSimulator
		{E7C4DD0F-3146-4318-BF79-E488F46C5DFD}.Release|x64.ActiveCfg = Release|iPhone
		{E7C4DD0F-3146-4318-BF79-E488F46C5DFD}.Release|x86.ActiveCfg = Release|iPhone
		{DF7E0C28-F4BF-4B06-92A4-731C1195B6A6}.Debug|Any CPU.ActiveCfg = Debug|x86
		{DF7E0C28-F4BF-4B06-92A4-731C1195B6A6}.Debug|ARM.ActiveCfg = Debug|ARM
		{DF7E0C28-F4BF-4B06-92A4-731C1195B6A6}.Debug|ARM.Build.0 = Debug|ARM
		{DF7E0C28-F4BF-4B06-92A4-731C1195B6A6}.Debug|ARM.Deploy.0 = Debug|ARM
		{DF7E0C28-F4BF-4B06-92A4-731C1195B6A6}.Debug|iPhone.ActiveCfg = Debug|x86
		{DF7E0C28-F4BF-4B06-92A4-731C1195B6A6}.Debug|iPhoneSimulator.ActiveCfg = Debug|x86
		{DF7E0C28-F4BF-4B06-92A4-731C1195B6A6}.Debug|x64.ActiveCfg = Debug|x64
		{DF7E0C28-F4BF-4B06-92A4-731C1195B6A6}.Debug|x64.Build.0 = Debug|x64
		{DF7E0C28-F4BF-4B06-92A4-731C1195B6A6}.Debug|x64.Deploy.0 = Debug|x64
		{DF7E0C28-F4BF-4B06-92A4-731C1195B6A6}.Debug|x86.ActiveCfg = Debug|x86
		{DF7E0C28-F4BF-4B06-92A4-731C1195B6A6}.Debug|x86.Build.0 = Debug|x86
		{DF7E0C28-F4BF-4B06-92A4-731C1195B6A6}.Debug|x86.Deploy.0 = Debug|x86
		{DF7E0C28-F4BF-4B06-92A4-731C1195B6A6}.Release|Any CPU.ActiveCfg = Release|x86
		{DF7E0C28-F4BF-4B06-92A4-731C1195B6A6}.Release|ARM.ActiveCfg = Release|ARM
		{DF7E0C28-F4BF-4B06-92A4-731C1195B6A6}.Release|ARM.Build.0 = Release|ARM
		{DF7E0C28-F4BF-4B06-92A4-731C1195B6A6}.Release|ARM.Deploy.0 = Release|ARM
		{DF7E0C28-F4BF-4B06-92A4-731C1195B6A6}.Release|iPhone.ActiveCfg = Release|x86
		{DF7E0C28-F4BF-4B06-92A4-731C1195B6A6}.Release|iPhoneSimulator.ActiveCfg = Release|x86
		{DF7E0C28-F4BF-4B06-92A4-731C1195B6A6}.Release|x64.ActiveCfg = Release|x64
		{DF7E0C28-F4BF-4B06-92A4-731C1195B6A6}.Release|x64.Build.0 = Release|x64
		{DF7E0C28-F4BF-4B06-92A4-731C1195B6A6}.Release|x64.Deploy.0 = Release|x64
		{DF7E0C28-F4BF-4B06-92A4-731C1195B6A6}.Release|x86.ActiveCfg = Release|x86
		{DF7E0C28-F4BF-4B06-92A4-731C1195B6A6}.Release|x86.Build.0 = Release|x86
		{DF7E0C28-F4BF-4B06-92A4-731C1195B6A6}.Release|x86.Deploy.0 = Release|x86
	EndGlobalSection
	GlobalSection(SolutionProperties) = preSolution
		HideSolutionNode = FALSE
	EndGlobalSection
EndGlobal
